{
  "requires": true,
  "lockfileVersion": 1,
  "dependencies": {
    "@vue/cli-plugin-vuex": {
      "version": "4.5.8",
      "resolved": "https://registry.npmjs.org/@vue/cli-plugin-vuex/-/cli-plugin-vuex-4.5.8.tgz",
      "integrity": "sha512-wU9WPhay1zBxtdd/HLRYhFRLBbG9lw3YTBJep9sTnYwUeXiEgum4O88Q2j6cwBBPPHMgeMrKMPHS85Jf4hMc0g==",
      "dev": true
    }
  }
}
